
Microsoft Visual Studio Solution File, Format Version 12.00
# Visual Studio Version 16
VisualStudioVersion = 16.0.31729.503
MinimumVisualStudioVersion = 10.0.40219.1
Project("{FAE04EC0-301F-11D3-BF4B-00C04F79EFBC}") = "Logging.Web", "Logging.Web\Logging.Web.csproj", "{9DE49D59-1323-4BAD-AB7C-B542C33BA439}"
EndProject
Global
	GlobalSection(SolutionConfigurationPlatforms) = preSolution
		Debug|Any CPU = Debug|Any CPU
		Release|Any CPU = Release|Any CPU
	EndGlobalSection
	GlobalSection(ProjectConfigurationPlatforms) = postSolution
		{9DE49D59-1323-4BAD-AB7C-B542C33BA439}.Debug|Any CPU.ActiveCfg = Debug|Any CPU
		{9DE49D59-1323-4BAD-AB7C-B542C33BA439}.Debug|Any CPU.Build.0 = Debug|Any CPU
		{9DE49D59-1323-4BAD-AB7C-B542C33BA439}.Release|Any CPU.ActiveCfg = Release|Any CPU
		{9DE49D59-1323-4BAD-AB7C-B542C33BA439}.Release|Any CPU.Build.0 = Release|Any CPU
	EndGlobalSection
	GlobalSection(SolutionProperties) = preSolution
		HideSolutionNode = FALSE
	EndGlobalSection
	GlobalSection(ExtensibilityGlobals) = postSolution
		SolutionGuid = {D5987A77-833A-471E-A4A8-BEF0909FB180}
	EndGlobalSection
EndGlobal
